
Microsoft Visual Studio Solution File, Format Version 12.00
# Visual Studio 15
Project("{FAE04EC0-301F-11D3-BF4B-00C04F79EFBC}") = "Assembly-CSharp", "Assembly-CSharp.csproj", "{65992BEC-DCA5-16D2-8D36-3B436D98A368}"
EndProject
Project("{FAE04EC0-301F-11D3-BF4B-00C04F79EFBC}") = "Assembly-CSharp-firstpass", "Assembly-CSharp-firstpass.csproj", "{6BEFAFC7-B351-6244-3943-FE2EFAD2032F}"
EndProject
Global
	GlobalSection(SolutionConfigurationPlatforms) = preSolution
		Debug|Any CPU = Debug|Any CPU
		Release|Any CPU = Release|Any CPU
	EndGlobalSection
	GlobalSection(ProjectConfigurationPlatforms) = postSolution
		{65992BEC-DCA5-16D2-8D36-3B436D98A368}.Debug|Any CPU.ActiveCfg = Debug|Any CPU
		{65992BEC-DCA5-16D2-8D36-3B436D98A368}.Debug|Any CPU.Build.0 = Debug|Any CPU
		{65992BEC-DCA5-16D2-8D36-3B436D98A368}.Release|Any CPU.ActiveCfg = Release|Any CPU
		{65992BEC-DCA5-16D2-8D36-3B436D98A368}.Release|Any CPU.Build.0 = Release|Any CPU
		{6BEFAFC7-B351-6244-3943-FE2EFAD2032F}.Debug|Any CPU.ActiveCfg = Debug|Any CPU
		{6BEFAFC7-B351-6244-3943-FE2EFAD2032F}.Debug|Any CPU.Build.0 = Debug|Any CPU
		{6BEFAFC7-B351-6244-3943-FE2EFAD2032F}.Release|Any CPU.ActiveCfg = Release|Any CPU
		{6BEFAFC7-B351-6244-3943-FE2EFAD2032F}.Release|Any CPU.Build.0 = Release|Any CPU
	EndGlobalSection
	GlobalSection(SolutionProperties) = preSolution
		HideSolutionNode = FALSE
	EndGlobalSection
EndGlobal
